<?xml version="1.0" encoding="utf-8"?>
<Project ToolsVersion="4.0" xmlns="http://schemas.microsoft.com/developer/msbuild/2003">
  <ItemGroup>
    <Filter Include="src">
      <UniqueIdentifier>{2DAB880B-99B4-887C-2230-9F7C8E38947C}</UniqueIdentifier>
    </Filter>
    <Filter Include="src\math">
      <UniqueIdentifier>{46A033CF-326D-8EDA-5B86-7C8247B2C368}</UniqueIdentifier>
    </Filter>
    <Filter Include="vendor">
      <UniqueIdentifier>{B3738122-9F15-ACF8-88D0-BF4C74113349}</UniqueIdentifier>
    </Filter>
    <Filter Include="vendor\imgui">
      <UniqueIdentifier>{5D3BD0F0-499E-5F95-F223-984BDE652B18}</UniqueIdentifier>
    </Filter>
    <Filter Include="vendor\imgui\imgui">
      <UniqueIdentifier>{879A0465-737E-C5BA-DCDE-BF0DC8E1AF3C}</UniqueIdentifier>
    </Filter>
    <Filter Include="vendor\imgui\imgui\backends">
      <UniqueIdentifier>{91DCF9B3-FDE9-279A-86D0-2385F2DCF350}</UniqueIdentifier>
    </Filter>
  </ItemGroup>
  <ItemGroup>
    <ClInclude Include="src\Camera.h">
      <Filter>src</Filter>
    </ClInclude>
    <ClInclude Include="src\CubeTypes.h">
      <Filter>src</Filter>
    </ClInclude>
    <ClInclude Include="src\EventSystem.h">
      <Filter>src</Filter>
    </ClInclude>
    <ClInclude Include="src\Light.h">
      <Filter>src</Filter>
    </ClInclude>
    <ClInclude Include="src\Material.h">
      <Filter>src</Filter>
    </ClInclude>
    <ClInclude Include="src\Shader.h">
      <Filter>src</Filter>
    </ClInclude>
    <ClInclude Include="src\UI.h">
      <Filter>src</Filter>
    </ClInclude>
    <ClInclude Include="src\VertexLayout.h">
      <Filter>src</Filter>
    </ClInclude>
    <ClInclude Include="src\Window.h">
      <Filter>src</Filter>
    </ClInclude>
    <ClInclude Include="src\cube_types.h">
      <Filter>src</Filter>
    </ClInclude>
    <ClInclude Include="src\math\mat4.h">
      <Filter>src\math</Filter>
    </ClInclude>
    <ClInclude Include="src\math\vec3.h">
      <Filter>src\math</Filter>
    </ClInclude>
    <ClInclude Include="vendor\imgui\imgui\backends\imgui_impl_glfw.h">
      <Filter>vendor\imgui\imgui\backends</Filter>
    </ClInclude>
    <ClInclude Include="vendor\imgui\imgui\backends\imgui_impl_opengl3.h">
      <Filter>vendor\imgui\imgui\backends</Filter>
    </ClInclude>
    <ClInclude Include="vendor\imgui\imgui\imconfig.h">
      <Filter>vendor\imgui\imgui</Filter>
    </ClInclude>
    <ClInclude Include="vendor\imgui\imgui\imgui.h">
      <Filter>vendor\imgui\imgui</Filter>
    </ClInclude>
    <ClInclude Include="vendor\imgui\imgui\imgui_internal.h">
      <Filter>vendor\imgui\imgui</Filter>
    </ClInclude>
    <ClInclude Include="vendor\imgui\imgui\imstb_rectpack.h">
      <Filter>vendor\imgui\imgui</Filter>
    </ClInclude>
    <ClInclude Include="vendor\imgui\imgui\imstb_textedit.h">
      <Filter>vendor\imgui\imgui</Filter>
    </ClInclude>
    <ClInclude Include="vendor\imgui\imgui\imstb_truetype.h">
      <Filter>vendor\imgui\imgui</Filter>
    </ClInclude>
  </ItemGroup>
  <ItemGroup>
    <ClCompile Include="src\Camera.cpp">
      <Filter>src</Filter>
    </ClCompile>
    <ClCompile Include="src\Entry.cpp">
      <Filter>src</Filter>
    </ClCompile>
    <ClCompile Include="src\EventSystem.cpp">
      <Filter>src</Filter>
    </ClCompile>
    <ClCompile Include="src\Shader.cpp">
      <Filter>src</Filter>
    </ClCompile>
    <ClCompile Include="src\UI.cpp">
      <Filter>src</Filter>
    </ClCompile>
    <ClCompile Include="src\VertexLayout.cpp">
      <Filter>src</Filter>
    </ClCompile>
    <ClCompile Include="src\Window.cpp">
      <Filter>src</Filter>
    </ClCompile>
    <ClCompile Include="src\math\mat4.cpp">
      <Filter>src\math</Filter>
    </ClCompile>
    <ClCompile Include="src\math\vec3.cpp">
      <Filter>src\math</Filter>
    </ClCompile>
    <ClCompile Include="vendor\imgui\imgui\backends\imgui_impl_glfw.cpp">
      <Filter>vendor\imgui\imgui\backends</Filter>
    </ClCompile>
    <ClCompile Include="vendor\imgui\imgui\backends\imgui_impl_opengl3.cpp">
      <Filter>vendor\imgui\imgui\backends</Filter>
    </ClCompile>
    <ClCompile Include="vendor\imgui\imgui\imgui.cpp">
      <Filter>vendor\imgui\imgui</Filter>
    </ClCompile>
    <ClCompile Include="vendor\imgui\imgui\imgui_demo.cpp">
      <Filter>vendor\imgui\imgui</Filter>
    </ClCompile>
    <ClCompile Include="vendor\imgui\imgui\imgui_draw.cpp">
      <Filter>vendor\imgui\imgui</Filter>
    </ClCompile>
    <ClCompile Include="vendor\imgui\imgui\imgui_tables.cpp">
      <Filter>vendor\imgui\imgui</Filter>
    </ClCompile>
    <ClCompile Include="vendor\imgui\imgui\imgui_widgets.cpp">
      <Filter>vendor\imgui\imgui</Filter>
    </ClCompile>
  </ItemGroup>
</Project>