
Microsoft Visual Studio Solution File, Format Version 12.00
# Visual Studio Version 17
Project("{8BC9CEB8-8B4A-11D0-8D11-00A0C91BC942}") = "vertex_forge", "vertex_forge\vertex_forge.vcxproj", "{1546CF4B-01A9-5EF0-AA2E-97A696702A73}"
EndProject
Global
	GlobalSection(SolutionConfigurationPlatforms) = preSolution
		Debug|x64 = Debug|x64
		Release|x64 = Release|x64
	EndGlobalSection
	GlobalSection(ProjectConfigurationPlatforms) = postSolution
		{1546CF4B-01A9-5EF0-AA2E-97A696702A73}.Debug|x64.ActiveCfg = Debug|x64
		{1546CF4B-01A9-5EF0-AA2E-97A696702A73}.Debug|x64.Build.0 = Debug|x64
		{1546CF4B-01A9-5EF0-AA2E-97A696702A73}.Release|x64.ActiveCfg = Release|x64
		{1546CF4B-01A9-5EF0-AA2E-97A696702A73}.Release|x64.Build.0 = Release|x64
	EndGlobalSection
	GlobalSection(SolutionProperties) = preSolution
		HideSolutionNode = FALSE
	EndGlobalSection
EndGlobal
